
Microsoft Visual Studio Solution File, Format Version 12.00
# Visual Studio Version 17
VisualStudioVersion = 17.3.32811.315
MinimumVisualStudioVersion = 10.0.40219.1
Project("{2150E333-8FDC-42A3-9474-1A3956D46DE8}") = "src", "src", "{AE3E98DB-35C1-42D8-AB6D-DE37189DDAA1}"
EndProject
Project("{2150E333-8FDC-42A3-9474-1A3956D46DE8}") = "Solution Items", "Solution Items", "{1D26002E-3D0A-47FC-A1F7-BC56D11EC5BF}"
	ProjectSection(SolutionItems) = preProject
		global.json = global.json
	EndProjectSection
EndProject
Project("{2150E333-8FDC-42A3-9474-1A3956D46DE8}") = "3 - Services", "3 - Services", "{8941C48B-849B-4625-B5F8-0EF567135BC0}"
EndProject
Project("{2150E333-8FDC-42A3-9474-1A3956D46DE8}") = "4 - Shared Core", "4 - Shared Core", "{988F2F26-89C2-4C44-B1BB-42C394832A4E}"
EndProject
Project("{2150E333-8FDC-42A3-9474-1A3956D46DE8}") = "5 - Infra", "5 - Infra", "{04CCC7F8-8AF7-4965-B2EF-2E28331BE421}"
EndProject
Project("{9A19103F-16F7-4668-BE54-9A1E7A4F7556}") = "Bank.Services.Onboarding", "src\Bank.Services.Onboarding\Bank.Services.Onboarding.csproj", "{8EA27390-8455-48EA-ABCB-881272BCE68A}"
EndProject
Project("{9A19103F-16F7-4668-BE54-9A1E7A4F7556}") = "Bank.Infra.Data", "src\Bank.Infra.Data\Bank.Infra.Data.csproj", "{3701E4D6-A057-49F4-9872-2CAD0487452C}"
EndProject
Project("{9A19103F-16F7-4668-BE54-9A1E7A4F7556}") = "Bank.Infra.IoC", "src\Bank.Infra.IoC\Bank.Infra.IoC.csproj", "{9330566C-4093-4FC7-AF61-14850DD15793}"
EndProject
Project("{9A19103F-16F7-4668-BE54-9A1E7A4F7556}") = "Bank.Core", "src\Bank.Core\Bank.Core.csproj", "{A9CB4A5C-DCF4-4F87-83C2-2D6A34C6E2BA}"
EndProject
Project("{2150E333-8FDC-42A3-9474-1A3956D46DE8}") = "2 - API", "2 - API", "{A5EBFB52-C5C5-4F98-B441-E48DA9CA5744}"
EndProject
Project("{9A19103F-16F7-4668-BE54-9A1E7A4F7556}") = "Bank.Api", "src\Bank.Api\Bank.Api.csproj", "{53E4EED9-D625-4FA5-9375-1EC0572C6B82}"
EndProject
Project("{2150E333-8FDC-42A3-9474-1A3956D46DE8}") = "SQL", "SQL", "{61C8CD6F-D484-4D36-BA9A-AB6B90EB49E8}"
	ProjectSection(SolutionItems) = preProject
		sql\POCO_GENERATOR.sql = sql\POCO_GENERATOR.sql
	EndProjectSection
EndProject
Project("{9A19103F-16F7-4668-BE54-9A1E7A4F7556}") = "Bank.Infra.Messaging", "src\Bank.Infra.Messaging\Bank.Infra.Messaging.csproj", "{2E698D3F-DB14-49B3-948D-584FFE7581E3}"
EndProject
Project("{9A19103F-16F7-4668-BE54-9A1E7A4F7556}") = "Bank.Infra.Logging", "src\Bank.Infra.Logging\Bank.Infra.Logging.csproj", "{9CC2CE02-C740-4BAF-8B50-1B436120DA8A}"
EndProject
Project("{2150E333-8FDC-42A3-9474-1A3956D46DE8}") = "test", "test", "{2660A571-E91B-4887-9017-460CA304040A}"
EndProject
Project("{9A19103F-16F7-4668-BE54-9A1E7A4F7556}") = "Bank.Services.Authentication", "src\Bank.Services.Authentication\Bank.Services.Authentication.csproj", "{6FDA0DE4-B00B-4F86-BB9D-3DFE27106B8B}"
EndProject
Project("{9A19103F-16F7-4668-BE54-9A1E7A4F7556}") = "Bank.Tests", "src\Bank.Tests\Bank.Tests.csproj", "{F4BD73FA-34AF-422D-A25F-562C6E4D7018}"
EndProject
Global
	GlobalSection(SolutionConfigurationPlatforms) = preSolution
		Debug|Any CPU = Debug|Any CPU
		Release|Any CPU = Release|Any CPU
	EndGlobalSection
	GlobalSection(ProjectConfigurationPlatforms) = postSolution
		{8EA27390-8455-48EA-ABCB-881272BCE68A}.Debug|Any CPU.ActiveCfg = Debug|Any CPU
		{8EA27390-8455-48EA-ABCB-881272BCE68A}.Debug|Any CPU.Build.0 = Debug|Any CPU
		{8EA27390-8455-48EA-ABCB-881272BCE68A}.Release|Any CPU.ActiveCfg = Release|Any CPU
		{8EA27390-8455-48EA-ABCB-881272BCE68A}.Release|Any CPU.Build.0 = Release|Any CPU
		{3701E4D6-A057-49F4-9872-2CAD0487452C}.Debug|Any CPU.ActiveCfg = Debug|Any CPU
		{3701E4D6-A057-49F4-9872-2CAD0487452C}.Debug|Any CPU.Build.0 = Debug|Any CPU
		{3701E4D6-A057-49F4-9872-2CAD0487452C}.Release|Any CPU.ActiveCfg = Release|Any CPU
		{3701E4D6-A057-49F4-9872-2CAD0487452C}.Release|Any CPU.Build.0 = Release|Any CPU
		{9330566C-4093-4FC7-AF61-14850DD15793}.Debug|Any CPU.ActiveCfg = Debug|Any CPU
		{9330566C-4093-4FC7-AF61-14850DD15793}.Debug|Any CPU.Build.0 = Debug|Any CPU
		{9330566C-4093-4FC7-AF61-14850DD15793}.Release|Any CPU.ActiveCfg = Release|Any CPU
		{9330566C-4093-4FC7-AF61-14850DD15793}.Release|Any CPU.Build.0 = Release|Any CPU
		{A9CB4A5C-DCF4-4F87-83C2-2D6A34C6E2BA}.Debug|Any CPU.ActiveCfg = Debug|Any CPU
		{A9CB4A5C-DCF4-4F87-83C2-2D6A34C6E2BA}.Debug|Any CPU.Build.0 = Debug|Any CPU
		{A9CB4A5C-DCF4-4F87-83C2-2D6A34C6E2BA}.Release|Any CPU.ActiveCfg = Release|Any CPU
		{A9CB4A5C-DCF4-4F87-83C2-2D6A34C6E2BA}.Release|Any CPU.Build.0 = Release|Any CPU
		{53E4EED9-D625-4FA5-9375-1EC0572C6B82}.Debug|Any CPU.ActiveCfg = Debug|Any CPU
		{53E4EED9-D625-4FA5-9375-1EC0572C6B82}.Debug|Any CPU.Build.0 = Debug|Any CPU
		{53E4EED9-D625-4FA5-9375-1EC0572C6B82}.Release|Any CPU.ActiveCfg = Release|Any CPU
		{53E4EED9-D625-4FA5-9375-1EC0572C6B82}.Release|Any CPU.Build.0 = Release|Any CPU
		{2E698D3F-DB14-49B3-948D-584FFE7581E3}.Debug|Any CPU.ActiveCfg = Debug|Any CPU
		{2E698D3F-DB14-49B3-948D-584FFE7581E3}.Debug|Any CPU.Build.0 = Debug|Any CPU
		{2E698D3F-DB14-49B3-948D-584FFE7581E3}.Release|Any CPU.ActiveCfg = Release|Any CPU
		{2E698D3F-DB14-49B3-948D-584FFE7581E3}.Release|Any CPU.Build.0 = Release|Any CPU
		{9CC2CE02-C740-4BAF-8B50-1B436120DA8A}.Debug|Any CPU.ActiveCfg = Debug|Any CPU
		{9CC2CE02-C740-4BAF-8B50-1B436120DA8A}.Debug|Any CPU.Build.0 = Debug|Any CPU
		{9CC2CE02-C740-4BAF-8B50-1B436120DA8A}.Release|Any CPU.ActiveCfg = Release|Any CPU
		{9CC2CE02-C740-4BAF-8B50-1B436120DA8A}.Release|Any CPU.Build.0 = Release|Any CPU
		{6FDA0DE4-B00B-4F86-BB9D-3DFE27106B8B}.Debug|Any CPU.ActiveCfg = Debug|Any CPU
		{6FDA0DE4-B00B-4F86-BB9D-3DFE27106B8B}.Debug|Any CPU.Build.0 = Debug|Any CPU
		{6FDA0DE4-B00B-4F86-BB9D-3DFE27106B8B}.Release|Any CPU.ActiveCfg = Release|Any CPU
		{6FDA0DE4-B00B-4F86-BB9D-3DFE27106B8B}.Release|Any CPU.Build.0 = Release|Any CPU
		{F4BD73FA-34AF-422D-A25F-562C6E4D7018}.Debug|Any CPU.ActiveCfg = Debug|Any CPU
		{F4BD73FA-34AF-422D-A25F-562C6E4D7018}.Debug|Any CPU.Build.0 = Debug|Any CPU
		{F4BD73FA-34AF-422D-A25F-562C6E4D7018}.Release|Any CPU.ActiveCfg = Release|Any CPU
		{F4BD73FA-34AF-422D-A25F-562C6E4D7018}.Release|Any CPU.Build.0 = Release|Any CPU
	EndGlobalSection
	GlobalSection(SolutionProperties) = preSolution
		HideSolutionNode = FALSE
	EndGlobalSection
	GlobalSection(NestedProjects) = preSolution
		{8941C48B-849B-4625-B5F8-0EF567135BC0} = {AE3E98DB-35C1-42D8-AB6D-DE37189DDAA1}
		{988F2F26-89C2-4C44-B1BB-42C394832A4E} = {AE3E98DB-35C1-42D8-AB6D-DE37189DDAA1}
		{04CCC7F8-8AF7-4965-B2EF-2E28331BE421} = {AE3E98DB-35C1-42D8-AB6D-DE37189DDAA1}
		{8EA27390-8455-48EA-ABCB-881272BCE68A} = {8941C48B-849B-4625-B5F8-0EF567135BC0}
		{3701E4D6-A057-49F4-9872-2CAD0487452C} = {04CCC7F8-8AF7-4965-B2EF-2E28331BE421}
		{9330566C-4093-4FC7-AF61-14850DD15793} = {04CCC7F8-8AF7-4965-B2EF-2E28331BE421}
		{A9CB4A5C-DCF4-4F87-83C2-2D6A34C6E2BA} = {988F2F26-89C2-4C44-B1BB-42C394832A4E}
		{A5EBFB52-C5C5-4F98-B441-E48DA9CA5744} = {AE3E98DB-35C1-42D8-AB6D-DE37189DDAA1}
		{53E4EED9-D625-4FA5-9375-1EC0572C6B82} = {A5EBFB52-C5C5-4F98-B441-E48DA9CA5744}
		{61C8CD6F-D484-4D36-BA9A-AB6B90EB49E8} = {1D26002E-3D0A-47FC-A1F7-BC56D11EC5BF}
		{2E698D3F-DB14-49B3-948D-584FFE7581E3} = {04CCC7F8-8AF7-4965-B2EF-2E28331BE421}
		{9CC2CE02-C740-4BAF-8B50-1B436120DA8A} = {04CCC7F8-8AF7-4965-B2EF-2E28331BE421}
		{6FDA0DE4-B00B-4F86-BB9D-3DFE27106B8B} = {8941C48B-849B-4625-B5F8-0EF567135BC0}
		{F4BD73FA-34AF-422D-A25F-562C6E4D7018} = {2660A571-E91B-4887-9017-460CA304040A}
	EndGlobalSection
	GlobalSection(ExtensibilityGlobals) = postSolution
		SolutionGuid = {1D99216A-08AB-4512-AD62-484E255ED37B}
	EndGlobalSection
EndGlobal
